
Microsoft Visual Studio Solution File, Format Version 12.00
# Visual Studio Version 16
VisualStudioVersion = 16.0.29215.179
MinimumVisualStudioVersion = 10.0.40219.1
Project("{9A19103F-16F7-4668-BE54-9A1E7A4F7556}") = "DapperRepository", "DapperRepository\DapperRepository.csproj", "{01C919AB-E5CE-4550-8A84-1227FDBC73B1}"
EndProject
Global
	GlobalSection(SolutionConfigurationPlatforms) = preSolution
		Debug|Any CPU = Debug|Any CPU
		Release|Any CPU = Release|Any CPU
	EndGlobalSection
	GlobalSection(ProjectConfigurationPlatforms) = postSolution
		{01C919AB-E5CE-4550-8A84-1227FDBC73B1}.Debug|Any CPU.ActiveCfg = Debug|Any CPU
		{01C919AB-E5CE-4550-8A84-1227FDBC73B1}.Debug|Any CPU.Build.0 = Debug|Any CPU
		{01C919AB-E5CE-4550-8A84-1227FDBC73B1}.Release|Any CPU.ActiveCfg = Release|Any CPU
		{01C919AB-E5CE-4550-8A84-1227FDBC73B1}.Release|Any CPU.Build.0 = Release|Any CPU
	EndGlobalSection
	GlobalSection(SolutionProperties) = preSolution
		HideSolutionNode = FALSE
	EndGlobalSection
	GlobalSection(ExtensibilityGlobals) = postSolution
		SolutionGuid = {5655541D-F2E7-48CA-B662-BEA5F966929F}
	EndGlobalSection
EndGlobal
